
Microsoft Visual Studio Solution File, Format Version 12.00
# Visual Studio Version 17
VisualStudioVersion = 17.10.34916.146
MinimumVisualStudioVersion = 10.0.40219.1
Project("{FAE04EC0-301F-11D3-BF4B-00C04F79EFBC}") = "AFGForm", "AFGForm\AFGForm.csproj", "{E2C0D3F1-0EE6-47A7-A897-B6E7C7421A00}"
EndProject
Global
	GlobalSection(SolutionConfigurationPlatforms) = preSolution
		Debug|Any CPU = Debug|Any CPU
		Release|Any CPU = Release|Any CPU
	EndGlobalSection
	GlobalSection(ProjectConfigurationPlatforms) = postSolution
		{E2C0D3F1-0EE6-47A7-A897-B6E7C7421A00}.Debug|Any CPU.ActiveCfg = Debug|Any CPU
		{E2C0D3F1-0EE6-47A7-A897-B6E7C7421A00}.Debug|Any CPU.Build.0 = Debug|Any CPU
		{E2C0D3F1-0EE6-47A7-A897-B6E7C7421A00}.Release|Any CPU.ActiveCfg = Release|Any CPU
		{E2C0D3F1-0EE6-47A7-A897-B6E7C7421A00}.Release|Any CPU.Build.0 = Release|Any CPU
	EndGlobalSection
	GlobalSection(SolutionProperties) = preSolution
		HideSolutionNode = FALSE
	EndGlobalSection
	GlobalSection(ExtensibilityGlobals) = postSolution
		SolutionGuid = {61ABEF10-83D5-4974-8DCC-28AE4833E54B}
	EndGlobalSection
EndGlobal
